<?xml version="1.0" encoding="utf-8"?>
<Project ToolsVersion="4.0" xmlns="http://schemas.microsoft.com/developer/msbuild/2003">
  <ItemGroup>
    <Filter Include="Source Files">
      <UniqueIdentifier>{4FC737F1-C7A5-4376-A066-2A32D752A2FF}</UniqueIdentifier>
      <Extensions>cpp;c;cc;cxx;c++;cppm;ixx;def;odl;idl;hpj;bat;asm;asmx</Extensions>
    </Filter>
    <Filter Include="Header Files">
      <UniqueIdentifier>{93995380-89BD-4b04-88EB-625FBE52EBFB}</UniqueIdentifier>
      <Extensions>h;hh;hpp;hxx;h++;hm;inl;inc;ipp;xsd</Extensions>
    </Filter>
    <Filter Include="Resource Files">
      <UniqueIdentifier>{67DA6AB6-F800-4c08-8B7A-83BB121AAD01}</UniqueIdentifier>
      <Extensions>rc;ico;cur;bmp;dlg;rc2;rct;bin;rgs;gif;jpg;jpeg;jpe;resx;tiff;tif;png;wav;mfcribbon-ms</Extensions>
    </Filter>
    <Filter Include="Header Files\GameLoop">
      <UniqueIdentifier>{56b4db72-b9ab-4874-85ac-e6791525e76a}</UniqueIdentifier>
    </Filter>
    <Filter Include="Source Files\GameLoop">
      <UniqueIdentifier>{821fdb41-c2f9-4d64-9d06-0ae54178fc7e}</UniqueIdentifier>
    </Filter>
    <Filter Include="Header Files\Window System">
      <UniqueIdentifier>{3619de20-76d6-4254-ae8d-93cdcc23d229}</UniqueIdentifier>
    </Filter>
    <Filter Include="Header Files\Event Handler">
      <UniqueIdentifier>{4f014f7e-a4b9-456c-a0f8-53ab6f4b616f}</UniqueIdentifier>
    </Filter>
    <Filter Include="Source Files\Event Handler">
      <UniqueIdentifier>{7f07feae-2be3-4abd-8dd2-741f41742b90}</UniqueIdentifier>
    </Filter>
    <Filter Include="Header Files\Window">
      <UniqueIdentifier>{df0ee631-d5a4-4c6d-a3ee-0950c9d2f24d}</UniqueIdentifier>
    </Filter>
    <Filter Include="Source Files\Window">
      <UniqueIdentifier>{92bea0e0-090b-4cfd-bce7-9022beb6ba37}</UniqueIdentifier>
    </Filter>
    <Filter Include="Header Files\Game Objects">
      <UniqueIdentifier>{35b1257d-81ef-4676-869a-9c8055ee1b80}</UniqueIdentifier>
    </Filter>
    <Filter Include="Source Files\Game Objects">
      <UniqueIdentifier>{50f9e699-8c85-46e8-b155-933898087005}</UniqueIdentifier>
    </Filter>
    <Filter Include="Header Files\GameState">
      <UniqueIdentifier>{fa259672-b608-4884-a52d-aea2024dba44}</UniqueIdentifier>
    </Filter>
    <Filter Include="Source Files\GameState">
      <UniqueIdentifier>{0e4aeee4-c629-4cc5-afc9-3b847f1b66e2}</UniqueIdentifier>
    </Filter>
    <Filter Include="Header Files\Renderer">
      <UniqueIdentifier>{fc4b01f7-17bc-4342-8fae-df6a34805602}</UniqueIdentifier>
    </Filter>
    <Filter Include="Source Files\Renderer">
      <UniqueIdentifier>{3f6b977d-6dfb-470f-9fc1-443c5142b9d9}</UniqueIdentifier>
    </Filter>
    <Filter Include="Header Files\GameMechanicsManager">
      <UniqueIdentifier>{fdff14e1-ac6b-4934-a31a-c51f3f0ea2ad}</UniqueIdentifier>
    </Filter>
    <Filter Include="Source Files\GameMechanicsManager">
      <UniqueIdentifier>{a01e0ce4-ac06-4c5f-91dd-fdfedd01502a}</UniqueIdentifier>
    </Filter>
  </ItemGroup>
  <ItemGroup>
    <ClCompile Include="MyGame.cpp">
      <Filter>Source Files</Filter>
    </ClCompile>
    <ClCompile Include="GameLoop.cpp">
      <Filter>Source Files\GameLoop</Filter>
    </ClCompile>
    <ClCompile Include="Window.cpp">
      <Filter>Source Files\Window</Filter>
    </ClCompile>
    <ClCompile Include="Color.cpp">
      <Filter>Source Files\Game Objects</Filter>
    </ClCompile>
    <ClCompile Include="GameObject.cpp">
      <Filter>Source Files\Game Objects</Filter>
    </ClCompile>
    <ClCompile Include="Position.cpp">
      <Filter>Source Files\Game Objects</Filter>
    </ClCompile>
    <ClCompile Include="Size.cpp">
      <Filter>Source Files\Game Objects</Filter>
    </ClCompile>
    <ClCompile Include="GameState.cpp">
      <Filter>Source Files\GameState</Filter>
    </ClCompile>
    <ClCompile Include="WindowProc.cpp">
      <Filter>Source Files\Window</Filter>
    </ClCompile>
    <ClCompile Include="Renderer.cpp">
      <Filter>Source Files\Renderer</Filter>
    </ClCompile>
    <ClCompile Include="Setup.cpp">
      <Filter>Source Files\GameLoop</Filter>
    </ClCompile>
    <ClCompile Include="RendererManager.cpp">
      <Filter>Source Files\Renderer</Filter>
    </ClCompile>
    <ClCompile Include="KeyboardHandler.cpp">
      <Filter>Source Files\Event Handler</Filter>
    </ClCompile>
    <ClCompile Include="Timer.cpp">
      <Filter>Source Files\GameLoop</Filter>
    </ClCompile>
    <ClCompile Include="CollisionManager.cpp">
      <Filter>Source Files\GameMechanicsManager</Filter>
    </ClCompile>
    <ClCompile Include="GameMechanicsManager.cpp">
      <Filter>Source Files\GameMechanicsManager</Filter>
    </ClCompile>
    <ClCompile Include="MovementManager.cpp">
      <Filter>Source Files\GameMechanicsManager</Filter>
    </ClCompile>
    <ClCompile Include="FiringManager.cpp">
      <Filter>Source Files\GameMechanicsManager</Filter>
    </ClCompile>
    <ClCompile Include="InitialPosition.cpp">
      <Filter>Source Files\Game Objects</Filter>
    </ClCompile>
    <ClCompile Include="Health.cpp">
      <Filter>Source Files\Game Objects</Filter>
    </ClCompile>
  </ItemGroup>
  <ItemGroup>
    <ResourceCompile Include="MyGame.rc">
      <Filter>Resource Files</Filter>
    </ResourceCompile>
  </ItemGroup>
  <ItemGroup>
    <Image Include="small.ico">
      <Filter>Resource Files</Filter>
    </Image>
    <Image Include="MyGame.ico">
      <Filter>Resource Files</Filter>
    </Image>
  </ItemGroup>
  <ItemGroup>
    <ClInclude Include="framework.h">
      <Filter>Header Files\Window System</Filter>
    </ClInclude>
    <ClInclude Include="Resource.h">
      <Filter>Header Files\Window System</Filter>
    </ClInclude>
    <ClInclude Include="targetver.h">
      <Filter>Header Files\Window System</Filter>
    </ClInclude>
    <ClInclude Include="GameLoop.h">
      <Filter>Header Files\GameLoop</Filter>
    </ClInclude>
    <ClInclude Include="Window.h">
      <Filter>Header Files\Window</Filter>
    </ClInclude>
    <ClInclude Include="GameObject.h">
      <Filter>Header Files\Game Objects</Filter>
    </ClInclude>
    <ClInclude Include="ObjectType.h">
      <Filter>Header Files\Game Objects</Filter>
    </ClInclude>
    <ClInclude Include="Position.h">
      <Filter>Header Files\Game Objects</Filter>
    </ClInclude>
    <ClInclude Include="Size.h">
      <Filter>Header Files\Game Objects</Filter>
    </ClInclude>
    <ClInclude Include="Velocity.h">
      <Filter>Header Files\Game Objects</Filter>
    </ClInclude>
    <ClInclude Include="Color.h">
      <Filter>Header Files\Game Objects</Filter>
    </ClInclude>
    <ClInclude Include="WindowProc.h">
      <Filter>Header Files\Window</Filter>
    </ClInclude>
    <ClInclude Include="Renderer.h">
      <Filter>Header Files\Renderer</Filter>
    </ClInclude>
    <ClInclude Include="Setup.h">
      <Filter>Header Files\GameLoop</Filter>
    </ClInclude>
    <ClInclude Include="RendererManager.h">
      <Filter>Header Files\Renderer</Filter>
    </ClInclude>
    <ClInclude Include="KeyboardHandler.h">
      <Filter>Header Files\Event Handler</Filter>
    </ClInclude>
    <ClInclude Include="IObserver.h">
      <Filter>Header Files\GameState</Filter>
    </ClInclude>
    <ClInclude Include="Timer.h">
      <Filter>Header Files\GameLoop</Filter>
    </ClInclude>
    <ClInclude Include="CollisionManager.h">
      <Filter>Header Files\GameMechanicsManager</Filter>
    </ClInclude>
    <ClInclude Include="GameMechanicsManager.h">
      <Filter>Header Files\GameMechanicsManager</Filter>
    </ClInclude>
    <ClInclude Include="MovementPattern.h">
      <Filter>Header Files\Game Objects</Filter>
    </ClInclude>
    <ClInclude Include="MovementManager.h">
      <Filter>Header Files\GameMechanicsManager</Filter>
    </ClInclude>
    <ClInclude Include="Speed.h">
      <Filter>Header Files\Game Objects</Filter>
    </ClInclude>
    <ClInclude Include="FiringPattern.h">
      <Filter>Header Files\Game Objects</Filter>
    </ClInclude>
    <ClInclude Include="FiringManager.h">
      <Filter>Header Files\GameMechanicsManager</Filter>
    </ClInclude>
    <ClInclude Include="Target.h">
      <Filter>Header Files\Game Objects</Filter>
    </ClInclude>
    <ClInclude Include="InitialPosition.h">
      <Filter>Header Files\Game Objects</Filter>
    </ClInclude>
    <ClInclude Include="GameState.h">
      <Filter>Header Files\GameState</Filter>
    </ClInclude>
    <ClInclude Include="Health.h">
      <Filter>Header Files\Game Objects</Filter>
    </ClInclude>
  </ItemGroup>
</Project>